
Microsoft Visual Studio Solution File, Format Version 12.00
# Visual Studio Version 17
VisualStudioVersion = 17.3.32825.248
MinimumVisualStudioVersion = 10.0.40219.1
Project("{FAE04EC0-301F-11D3-BF4B-00C04F79EFBC}") = "ramsonsproject", "ramsonsproject\ramsonsproject.csproj", "{33CB63E5-D9B6-485B-8D65-FA5F41C54B14}"
EndProject
Global
	GlobalSection(SolutionConfigurationPlatforms) = preSolution
		Debug|Any CPU = Debug|Any CPU
		Release|Any CPU = Release|Any CPU
	EndGlobalSection
	GlobalSection(ProjectConfigurationPlatforms) = postSolution
		{33CB63E5-D9B6-485B-8D65-FA5F41C54B14}.Debug|Any CPU.ActiveCfg = Debug|Any CPU
		{33CB63E5-D9B6-485B-8D65-FA5F41C54B14}.Debug|Any CPU.Build.0 = Debug|Any CPU
		{33CB63E5-D9B6-485B-8D65-FA5F41C54B14}.Release|Any CPU.ActiveCfg = Release|Any CPU
		{33CB63E5-D9B6-485B-8D65-FA5F41C54B14}.Release|Any CPU.Build.0 = Release|Any CPU
	EndGlobalSection
	GlobalSection(SolutionProperties) = preSolution
		HideSolutionNode = FALSE
	EndGlobalSection
	GlobalSection(ExtensibilityGlobals) = postSolution
		SolutionGuid = {4E7B5720-AD06-462A-AF40-FA53D541D54F}
	EndGlobalSection
EndGlobal
